// !$*UTF8*$!
{
	archiveVersion = 1;
	classes = {
	};
	objectVersion = 46;
	objects = {

/* Begin PBXBuildFile section */
		046D8F2321EEB5C30018D1C2 /* AppDelegate.swift in Sources */ = {isa = PBXBuildFile; fileRef = 046D8F2221EEB5C30018D1C2 /* AppDelegate.swift */; };
		046D8F2521EEB5C30018D1C2 /* ViewController.swift in Sources */ = {isa = PBXBuildFile; fileRef = 046D8F2421EEB5C30018D1C2 /* ViewController.swift */; };
		046D8F2821EEB5C30018D1C2 /* Main.storyboard in Resources */ = {isa = PBXBuildFile; fileRef = 046D8F2621EEB5C30018D1C2 /* Main.storyboard */; };
		046D8F2A21EEB5C30018D1C2 /* Assets.xcassets in Resources */ = {isa = PBXBuildFile; fileRef = 046D8F2921EEB5C30018D1C2 /* Assets.xcassets */; };
		046D8F2D21EEB5C30018D1C2 /* LaunchScreen.storyboard in Resources */ = {isa = PBXBuildFile; fileRef = 046D8F2B21EEB5C30018D1C2 /* LaunchScreen.storyboard */; };
/* End PBXBuildFile section */

/* Begin PBXFileReference section */
		046D8F1F21EEB5C30018D1C2 /* Cocinapp.app */ = {isa = PBXFileReference; explicitFileType = wrapper.application; includeInIndex = 0; path = Cocinapp.app; sourceTree = BUILT_PRODUCTS_DIR; };
		046D8F2221EEB5C30018D1C2 /* AppDelegate.swift */ = {isa = PBXFileReference; lastKnownFileType = sourcecode.swift; path = AppDelegate.swift; sourceTree = "<group>"; };
		046D8F2421EEB5C30018D1C2 /* ViewController.swift */ = {isa = PBXFileReference; lastKnownFileType = sourcecode.swift; path = ViewController.swift; sourceTree = "<group>"; };
		046D8F2721EEB5C30018D1C2 /* Base */ = {isa = PBXFileReference; lastKnownFileType = file.storyboard; name = Base; path = Base.lproj/Main.storyboard; sourceTree = "<group>"; };
		046D8F2921EEB5C30018D1C2 /* Assets.xcassets */ = {isa = PBXFileReference; lastKnownFileType = folder.assetcatalog; path = Assets.xcassets; sourceTree = "<group>"; };
		046D8F2C21EEB5C30018D1C2 /* Base */ = {isa = PBXFileReference; lastKnownFileType = file.storyboard; name = Base; path = Base.lproj/LaunchScreen.storyboard; sourceTree = "<group>"; };
		046D8F2E21EEB5C30018D1C2 /* Info.plist */ = {isa = PBXFileReference; lastKnownFileType = text.plist.xml; path = Info.plist; sourceTree = "<group>"; };
/* End PBXFileReference section */

/* Begin PBXFrameworksBuildPhase section */
		046D8F1C21EEB5C20018D1C2 /* Frameworks */ = {
			isa = PBXFrameworksBuildPhase;
			buildActionMask = 2147483647;
			files = (
			);
			runOnlyForDeploymentPostprocessing = 0;
		};
/* End PBXFrameworksBuildPhase section */

/* Begin PBXGroup section */
		046D8F1621EEB5C20018D1C2 = {
			isa = PBXGroup;
			children = (
				046D8F2121EEB5C30018D1C2 /* Cocinapp */,
				046D8F2021EEB5C30018D1C2 /* Products */,
			);
			sourceTree = "<group>";
		};
		046D8F2021EEB5C30018D1C2 /* Products */ = {
			isa = PBXGroup;
			children = (
				046D8F1F21EEB5C30018D1C2 /* Cocinapp.app */,
			);
			name = Products;
			sourceTree = "<group>";
		};
		046D8F2121EEB5C30018D1C2 /* Cocinapp */ = {
			isa = PBXGroup;
			children = (
				046D8F2221EEB5C30018D1C2 /* AppDelegate.swift */,
				046D8F2421EEB5C30018D1C2 /* ViewController.swift */,
				046D8F2621EEB5C30018D1C2 /* Main.storyboard */,
				046D8F2921EEB5C30018D1C2 /* Assets.xcassets */,
				046D8F2B21EEB5C30018D1C2 /* LaunchScreen.storyboard */,
				046D8F2E21EEB5C30018D1C2 /* Info.plist */,
			);
			path = Cocinapp;
			sourceTree = "<group>";
		};
/* End PBXGroup section */

/* Begin PBXNativeTarget section */
		046D8F1E21EEB5C20018D1C2 /* Cocinapp */ = {
			isa = PBXNativeTarget;
			buildConfigurationList = 046D8F3121EEB5C30018D1C2 /* Build configuration list for PBXNativeTarget "Cocinapp" */;
			buildPhases = (
				046D8F1B21EEB5C20018D1C2 /* Sources */,
				046D8F1C21EEB5C20018D1C2 /* Frameworks */,
				046D8F1D21EEB5C20018D1C2 /* Resources */,
			);
			buildRules = (
			);
			dependencies = (
			);
			name = Cocinapp;
			productName = Cocinapp;
			productReference = 046D8F1F21EEB5C30018D1C2 /* Cocinapp.app */;
			productType = "com.apple.product-type.application";
		};
/* End PBXNativeTarget section */

/* Begin PBXProject section */
		046D8F1721EEB5C20018D1C2 /* Project object */ = {
			isa = PBXProject;
			attributes = {
				LastSwiftUpdateCheck = 0720;
				LastUpgradeCheck = 0720;
				ORGANIZATIONNAME = Cocinapp;
				TargetAttributes = {
					046D8F1E21EEB5C20018D1C2 = {
						CreatedOnToolsVersion = 7.2.1;
					};
				};
			};
			buildConfigurationList = 046D8F1A21EEB5C20018D1C2 /* Build configuration list for PBXProject "Cocinapp" */;
			compatibilityVersion = "Xcode 3.2";
			developmentRegion = English;
			hasScannedForEncodings = 0;
			knownRegions = (
				en,
				Base,
			);
			mainGroup = 046D8F1621EEB5C20018D1C2;
			productRefGroup = 046D8F2021EEB5C30018D1C2 /* Products */;
			projectDirPath = "";
			projectRoot = "";
			targets = (
				046D8F1E21EEB5C20018D1C2 /* Cocinapp */,
			);
		};
/* End PBXProject section */

/* Begin PBXResourcesBuildPhase section */
		046D8F1D21EEB5C20018D1C2 /* Resources */ = {
			isa = PBXResourcesBuildPhase;
			buildActionMask = 2147483647;
			files = (
				046D8F2D21EEB5C30018D1C2 /* LaunchScreen.storyboard in Resources */,
				046D8F2A21EEB5C30018D1C2 /* Assets.xcassets in Resources */,
				046D8F2821EEB5C30018D1C2 /* Main.storyboard in Resources */,
			);
			runOnlyForDeploymentPostprocessing = 0;
		};
/* End PBXResourcesBuildPhase section */

/* Begin PBXSourcesBuildPhase section */
		046D8F1B21EEB5C20018D1C2 /* Sources */ = {
			isa = PBXSourcesBuildPhase;
			buildActionMask = 2147483647;
			files = (
				046D8F2521EEB5C30018D1C2 /* ViewController.swift in Sources */,
				046D8F2321EEB5C30018D1C2 /* AppDelegate.swift in Sources */,
			);
			runOnlyForDeploymentPostprocessing = 0;
		};
/* End PBXSourcesBuildPhase section */

/* Begin PBXVariantGroup section */
		046D8F2621EEB5C30018D1C2 /* Main.storyboard */ = {
			isa = PBXVariantGroup;
			children = (
				046D8F2721EEB5C30018D1C2 /* Base */,
			);
			name = Main.storyboard;
			sourceTree = "<group>";
		};
		046D8F2B21EEB5C30018D1C2 /* LaunchScreen.storyboard */ = {
			isa = PBXVariantGroup;
			children = (
				046D8F2C21EEB5C30018D1C2 /* Base */,
			);
			name = LaunchScreen.storyboard;
			sourceTree = "<group>";
		};
/* End PBXVariantGroup section */

/* Begin XCBuildConfiguration section */
		046D8F2F21EEB5C30018D1C2 /* Debug */ = {
			isa = XCBuildConfiguration;
			buildSettings = {
				ALWAYS_SEARCH_USER_PATHS = NO;
				CLANG_CXX_LANGUAGE_STANDARD = "gnu++0x";
				CLANG_CXX_LIBRARY = "libc++";
				CLANG_ENABLE_MODULES = YES;
				CLANG_ENABLE_OBJC_ARC = YES;
				CLANG_WARN_BOOL_CONVERSION = YES;
				CLANG_WARN_CONSTANT_CONVERSION = YES;
				CLANG_WARN_DIRECT_OBJC_ISA_USAGE = YES_ERROR;
				CLANG_WARN_EMPTY_BODY = YES;
				CLANG_WARN_ENUM_CONVERSION = YES;
				CLANG_WARN_INT_CONVERSION = YES;
				CLANG_WARN_OBJC_ROOT_CLASS = YES_ERROR;
				CLANG_WARN_UNREACHABLE_CODE = YES;
				CLANG_WARN__DUPLICATE_METHOD_MATCH = YES;
				"CODE_SIGN_IDENTITY[sdk=iphoneos*]" = "iPhone Developer";
				COPY_PHASE_STRIP = NO;
				DEBUG_INFORMATION_FORMAT = dwarf;
				ENABLE_STRICT_OBJC_MSGSEND = YES;
				ENABLE_TESTABILITY = YES;
				GCC_C_LANGUAGE_STANDARD = gnu99;
				GCC_DYNAMIC_NO_PIC = NO;
				GCC_NO_COMMON_BLOCKS = YES;
				GCC_OPTIMIZATION_LEVEL = 0;
				GCC_PREPROCESSOR_DEFINITIONS = (
					"DEBUG=1",
					"$(inherited)",
				);
				GCC_WARN_64_TO_32_BIT_CONVERSION = YES;
				GCC_WARN_ABOUT_RETURN_TYPE = YES_ERROR;
				GCC_WARN_UNDECLARED_SELECTOR = YES;
				GCC_WARN_UNINITIALIZED_AUTOS = YES_AGGRESSIVE;
				GCC_WARN_UNUSED_FUNCTION = YES;
				GCC_WARN_UNUSED_VARIABLE = YES;
				IPHONEOS_DEPLOYMENT_TARGET = 9.2;
				MTL_ENABLE_DEBUG_INFO = YES;
				ONLY_ACTIVE_ARCH = YES;
				SDKROOT = iphoneos;
				SWIFT_OPTIMIZATION_LEVEL = "-Onone";
			};
			name = Debug;
		};
		046D8F3021EEB5C30018D1C2 /* Release */ = {
			isa = XCBuildConfiguration;
			buildSettings = {
				ALWAYS_SEARCH_USER_PATHS = NO;
				CLANG_CXX_LANGUAGE_STANDARD = "gnu++0x";
				CLANG_CXX_LIBRARY = "libc++";
				CLANG_ENABLE_MODULES = YES;
				CLANG_ENABLE_OBJC_ARC = YES;
				CLANG_WARN_BOOL_CONVERSION = YES;
				CLANG_WARN_CONSTANT_CONVERSION = YES;
				CLANG_WARN_DIRECT_OBJC_ISA_USAGE = YES_ERROR;
				CLANG_WARN_EMPTY_BODY = YES;
				CLANG_WARN_ENUM_CONVERSION = YES;
				CLANG_WARN_INT_CONVERSION = YES;
				CLANG_WARN_OBJC_ROOT_CLASS = YES_ERROR;
				CLANG_WARN_UNREACHABLE_CODE = YES;
				CLANG_WARN__DUPLICATE_METHOD_MATCH = YES;
				"CODE_SIGN_IDENTITY[sdk=iphoneos*]" = "iPhone Developer";
				COPY_PHASE_STRIP = NO;
				DEBUG_INFORMATION_FORMAT = "dwarf-with-dsym";
				ENABLE_NS_ASSERTIONS = NO;
				ENABLE_STRICT_OBJC_MSGSEND = YES;
				GCC_C_LANGUAGE_STANDARD = gnu99;
				GCC_NO_COMMON_BLOCKS = YES;
				GCC_WARN_64_TO_32_BIT_CONVERSION = YES;
				GCC_WARN_ABOUT_RETURN_TYPE = YES_ERROR;
				GCC_WARN_UNDECLARED_SELECTOR = YES;
				GCC_WARN_UNINITIALIZED_AUTOS = YES_AGGRESSIVE;
				GCC_WARN_UNUSED_FUNCTION = YES;
				GCC_WARN_UNUSED_VARIABLE = YES;
				IPHONEOS_DEPLOYMENT_TARGET = 9.2;
				MTL_ENABLE_DEBUG_INFO = NO;
				SDKROOT = iphoneos;
				VALIDATE_PRODUCT = YES;
			};
			name = Release;
		};
		046D8F3221EEB5C30018D1C2 /* Debug */ = {
			isa = XCBuildConfiguration;
			buildSettings = {
				ASSETCATALOG_COMPILER_APPICON_NAME = AppIcon;
				CODE_SIGN_IDENTITY = "iPhone Developer";
				INFOPLIST_FILE = Cocinapp/Info.plist;
				LD_RUNPATH_SEARCH_PATHS = "$(inherited) @executable_path/Frameworks";
				PRODUCT_BUNDLE_IDENTIFIER = com.jorchyeah.Cocinapp;
				PRODUCT_NAME = "$(TARGET_NAME)";
			};
			name = Debug;
		};
		046D8F3321EEB5C30018D1C2 /* Release */ = {
			isa = XCBuildConfiguration;
			buildSettings = {
				ASSETCATALOG_COMPILER_APPICON_NAME = AppIcon;
				CODE_SIGN_IDENTITY = "iPhone Developer";
				INFOPLIST_FILE = Cocinapp/Info.plist;
				LD_RUNPATH_SEARCH_PATHS = "$(inherited) @executable_path/Frameworks";
				PRODUCT_BUNDLE_IDENTIFIER = com.jorchyeah.Cocinapp;
				PRODUCT_NAME = "$(TARGET_NAME)";
			};
			name = Release;
		};
/* End XCBuildConfiguration section */

/* Begin XCConfigurationList section */
		046D8F1A21EEB5C20018D1C2 /* Build configuration list for PBXProject "Cocinapp" */ = {
			isa = XCConfigurationList;
			buildConfigurations = (
				046D8F2F21EEB5C30018D1C2 /* Debug */,
				046D8F3021EEB5C30018D1C2 /* Release */,
			);
			defaultConfigurationIsVisible = 0;
			defaultConfigurationName = Release;
		};
		046D8F3121EEB5C30018D1C2 /* Build configuration list for PBXNativeTarget "Cocinapp" */ = {
			isa = XCConfigurationList;
			buildConfigurations = (
				046D8F3221EEB5C30018D1C2 /* Debug */,
				046D8F3321EEB5C30018D1C2 /* Release */,
			);
			defaultConfigurationIsVisible = 0;
		};
/* End XCConfigurationList section */
	};
	rootObject = 046D8F1721EEB5C20018D1C2 /* Project object */;
}
